
Microsoft Visual Studio Solution File, Format Version 12.00
# Visual Studio Version 16
VisualStudioVersion = 16.0.31313.79
MinimumVisualStudioVersion = 10.0.40219.1
Project("{FAE04EC0-301F-11D3-BF4B-00C04F79EFBC}") = "Roommates", "Roommates\Roommates.csproj", "{62593496-8A3D-46E7-8CC5-0A1467F086CB}"
EndProject
Global
	GlobalSection(SolutionConfigurationPlatforms) = preSolution
		Debug|Any CPU = Debug|Any CPU
		Release|Any CPU = Release|Any CPU
	EndGlobalSection
	GlobalSection(ProjectConfigurationPlatforms) = postSolution
		{62593496-8A3D-46E7-8CC5-0A1467F086CB}.Debug|Any CPU.ActiveCfg = Debug|Any CPU
		{62593496-8A3D-46E7-8CC5-0A1467F086CB}.Debug|Any CPU.Build.0 = Debug|Any CPU
		{62593496-8A3D-46E7-8CC5-0A1467F086CB}.Release|Any CPU.ActiveCfg = Release|Any CPU
		{62593496-8A3D-46E7-8CC5-0A1467F086CB}.Release|Any CPU.Build.0 = Release|Any CPU
	EndGlobalSection
	GlobalSection(SolutionProperties) = preSolution
		HideSolutionNode = FALSE
	EndGlobalSection
	GlobalSection(ExtensibilityGlobals) = postSolution
		SolutionGuid = {DE0B8F9B-3945-465D-B391-B12DDD58F681}
	EndGlobalSection
EndGlobal
